# THIS IS AN AUTOGENERATED FILE. DO NOT EDIT THIS FILE DIRECTLY.
# yarn lockfile v1


"@babel/parser@^7.16.4":
  "integrity" "sha512-alVJj7k7zIxqBZ7BTRhz0IqJFxW1VJbm6N8JbcYhQ186df9ZBPbZBmWSqAMXwHGsCJdYks7z/voa3ibiS5bCIw=="
  "resolved" "https://registry.npmmirror.com/@babel/parser/-/parser-7.21.4.tgz"
  "version" "7.21.4"

"@babel/parser@^7.20.15", "@babel/parser@^7.21.3":
  "integrity" "sha512-6zavDGdzG3gUqAdWvlLFfk+36RilI+Pwyuuh7HItyeScCWP3k6i8vKclAQ0bM/0y/Kz/xiwvxhMv9MgTJP5gmA=="
  "resolved" "https://registry.npmmirror.com/@babel/parser/-/parser-7.21.8.tgz"
  "version" "7.21.8"

"@esbuild/win32-x64@0.17.18":
  "integrity" "sha512-qU25Ma1I3NqTSHJUOKi9sAH1/Mzuvlke0ioMJRthLXKm7JiSKVwFghlGbDLOO2sARECGhja4xYfRAZNPAkooYg=="
  "resolved" "https://registry.npmmirror.com/@esbuild/win32-x64/-/win32-x64-0.17.18.tgz"
  "version" "0.17.18"

"@jridgewell/sourcemap-codec@^1.4.13":
  "integrity" "sha512-eF2rxCRulEKXHTRiDrDy6erMYWqNw4LPdQ8UQA4huuxaQsVeRPFl2oM8oDGxMFhJUWZf9McpLtJasDDZb/Bpeg=="
  "resolved" "https://registry.npmmirror.com/@jridgewell/sourcemap-codec/-/sourcemap-codec-1.4.15.tgz"
  "version" "1.4.15"

"@pdf-lib/standard-fonts@^1.0.0":
  "integrity" "sha512-hU30BK9IUN/su0Mn9VdlVKsWBS6GyhVfqjwl1FjZN4TxP6cCw0jP2w7V3Hf5uX7M0AZJ16vey9yE0ny7Sa59ZA=="
  "resolved" "https://registry.npmmirror.com/@pdf-lib/standard-fonts/-/standard-fonts-1.0.0.tgz"
  "version" "1.0.0"
  dependencies:
    "pako" "^1.0.6"

"@pdf-lib/upng@^1.0.1":
  "integrity" "sha512-dQK2FUMQtowVP00mtIksrlZhdFXQZPC+taih1q4CvPZ5vqdxR/LKBaFg0oAfzd1GlHZXXSPdQfzQnt+ViGvEIQ=="
  "resolved" "https://registry.npmmirror.com/@pdf-lib/upng/-/upng-1.0.1.tgz"
  "version" "1.0.1"
  dependencies:
    "pako" "^1.0.10"

"@types/node@^20.2.1", "@types/node@>= 14":
  "integrity" "sha512-DqJociPbZP1lbZ5SQPk4oag6W7AyaGMO6gSfRwq3PWl4PXTwJpRQJhDq4W0kzrg3w6tJ1SwlvGZ5uKFHY13LIg=="
  "resolved" "https://registry.npmmirror.com/@types/node/-/node-20.2.1.tgz"
  "version" "20.2.1"

"@types/web-bluetooth@^0.0.17":
  "integrity" "sha512-4p9vcSmxAayx72yn70joFoL44c9MO/0+iVEBIQXe3v2h2SiAsEIo/G5v6ObFWvNKRFjbrVadNf9LqEEZeQPzdA=="
  "resolved" "https://registry.npmmirror.com/@types/web-bluetooth/-/web-bluetooth-0.0.17.tgz"
  "version" "0.0.17"

"@vitejs/plugin-vue@^4.1.0":
  "integrity" "sha512-++9JOAFdcXI3lyer9UKUV4rfoQ3T1RN8yDqoCLar86s0xQct5yblxAE+yWgRnU5/0FOlVCpTZpYSBV/bGWrSrQ=="
  "resolved" "https://registry.npmmirror.com/@vitejs/plugin-vue/-/plugin-vue-4.1.0.tgz"
  "version" "4.1.0"

"@volar/language-core@1.4.1":
  "integrity" "sha512-EIY+Swv+TjsWpxOxujjMf1ZXqOjg9MT2VMXZ+1dKva0wD8W0L6EtptFFcCJdBbcKmGMFkr57Qzz9VNMWhs3jXQ=="
  "resolved" "https://registry.npmmirror.com/@volar/language-core/-/language-core-1.4.1.tgz"
  "version" "1.4.1"
  dependencies:
    "@volar/source-map" "1.4.1"

"@volar/source-map@1.4.1":
  "integrity" "sha512-bZ46ad72dsbzuOWPUtJjBXkzSQzzSejuR3CT81+GvTEI2E994D8JPXzM3tl98zyCNnjgs4OkRyliImL1dvJ5BA=="
  "resolved" "https://registry.npmmirror.com/@volar/source-map/-/source-map-1.4.1.tgz"
  "version" "1.4.1"
  dependencies:
    "muggle-string" "^0.2.2"

"@volar/typescript@1.4.1":
  "integrity" "sha512-phTy6p9yG6bgMIKQWEeDOi/aeT0njZsb1a/G1mrEuDsLmAn24Le4gDwSsGNhea6Uhu+3gdpUZn2PmZXa+WG2iQ=="
  "resolved" "https://registry.npmmirror.com/@volar/typescript/-/typescript-1.4.1.tgz"
  "version" "1.4.1"
  dependencies:
    "@volar/language-core" "1.4.1"

"@volar/vue-language-core@1.4.4":
  "integrity" "sha512-c3hL6un+CfoOlusGvpypcodmk9ke/ImrWIUc0GkgI+imoQpUGzgu3tEQWlPs604R7AhxeZwWUi8hQNfax0R/zA=="
  "resolved" "https://registry.npmmirror.com/@volar/vue-language-core/-/vue-language-core-1.4.4.tgz"
  "version" "1.4.4"
  dependencies:
    "@volar/language-core" "1.4.1"
    "@volar/source-map" "1.4.1"
    "@vue/compiler-dom" "^3.2.0"
    "@vue/compiler-sfc" "^3.2.0"
    "@vue/reactivity" "^3.2.0"
    "@vue/shared" "^3.2.0"
    "minimatch" "^9.0.0"
    "muggle-string" "^0.2.2"
    "vue-template-compiler" "^2.7.14"

"@volar/vue-typescript@1.4.4":
  "integrity" "sha512-L61Fk15jlJw3QtIddD4cVE5jei5i6zbLJRiaEMYDDnUKB259/qUrdvnMfnZUFVyDwlevzdstjtaUyreeG/0nPQ=="
  "resolved" "https://registry.npmmirror.com/@volar/vue-typescript/-/vue-typescript-1.4.4.tgz"
  "version" "1.4.4"
  dependencies:
    "@volar/typescript" "1.4.1"
    "@volar/vue-language-core" "1.4.4"

"@vue/compiler-core@3.2.47":
  "integrity" "sha512-p4D7FDnQb7+YJmO2iPEv0SQNeNzcbHdGByJDsT4lynf63AFkOTFN07HsiRSvjGo0QrxR/o3d0hUyNCUnBU2Tig=="
  "resolved" "https://registry.npmmirror.com/@vue/compiler-core/-/compiler-core-3.2.47.tgz"
  "version" "3.2.47"
  dependencies:
    "@babel/parser" "^7.16.4"
    "@vue/shared" "3.2.47"
    "estree-walker" "^2.0.2"
    "source-map" "^0.6.1"

"@vue/compiler-core@3.3.4":
  "integrity" "sha512-cquyDNvZ6jTbf/+x+AgM2Arrp6G4Dzbb0R64jiG804HRMfRiFXWI6kqUVqZ6ZR0bQhIoQjB4+2bhNtVwndW15g=="
  "resolved" "https://registry.npmmirror.com/@vue/compiler-core/-/compiler-core-3.3.4.tgz"
  "version" "3.3.4"
  dependencies:
    "@babel/parser" "^7.21.3"
    "@vue/shared" "3.3.4"
    "estree-walker" "^2.0.2"
    "source-map-js" "^1.0.2"

"@vue/compiler-dom@^3.2.0", "@vue/compiler-dom@3.2.47":
  "integrity" "sha512-dBBnEHEPoftUiS03a4ggEig74J2YBZ2UIeyfpcRM2tavgMWo4bsEfgCGsu+uJIL/vax9S+JztH8NmQerUo7shQ=="
  "resolved" "https://registry.npmmirror.com/@vue/compiler-dom/-/compiler-dom-3.2.47.tgz"
  "version" "3.2.47"
  dependencies:
    "@vue/compiler-core" "3.2.47"
    "@vue/shared" "3.2.47"

"@vue/compiler-dom@3.3.4":
  "integrity" "sha512-wyM+OjOVpuUukIq6p5+nwHYtj9cFroz9cwkfmP9O1nzH68BenTTv0u7/ndggT8cIQlnBeOo6sUT/gvHcIkLA5w=="
  "resolved" "https://registry.npmmirror.com/@vue/compiler-dom/-/compiler-dom-3.3.4.tgz"
  "version" "3.3.4"
  dependencies:
    "@vue/compiler-core" "3.3.4"
    "@vue/shared" "3.3.4"

"@vue/compiler-sfc@^3.2.0":
  "integrity" "sha512-rog05W+2IFfxjMcFw10tM9+f7i/+FFpZJJ5XHX72NP9eC2uRD+42M3pYcQqDXVYoj74kHMSEdQ/WmCjt8JFksQ=="
  "resolved" "https://registry.npmmirror.com/@vue/compiler-sfc/-/compiler-sfc-3.2.47.tgz"
  "version" "3.2.47"
  dependencies:
    "@babel/parser" "^7.16.4"
    "@vue/compiler-core" "3.2.47"
    "@vue/compiler-dom" "3.2.47"
    "@vue/compiler-ssr" "3.2.47"
    "@vue/reactivity-transform" "3.2.47"
    "@vue/shared" "3.2.47"
    "estree-walker" "^2.0.2"
    "magic-string" "^0.25.7"
    "postcss" "^8.1.10"
    "source-map" "^0.6.1"

"@vue/compiler-sfc@3.3.4":
  "integrity" "sha512-6y/d8uw+5TkCuzBkgLS0v3lSM3hJDntFEiUORM11pQ/hKvkhSKZrXW6i69UyXlJQisJxuUEJKAWEqWbWsLeNKQ=="
  "resolved" "https://registry.npmmirror.com/@vue/compiler-sfc/-/compiler-sfc-3.3.4.tgz"
  "version" "3.3.4"
  dependencies:
    "@babel/parser" "^7.20.15"
    "@vue/compiler-core" "3.3.4"
    "@vue/compiler-dom" "3.3.4"
    "@vue/compiler-ssr" "3.3.4"
    "@vue/reactivity-transform" "3.3.4"
    "@vue/shared" "3.3.4"
    "estree-walker" "^2.0.2"
    "magic-string" "^0.30.0"
    "postcss" "^8.1.10"
    "source-map-js" "^1.0.2"

"@vue/compiler-ssr@3.2.47":
  "integrity" "sha512-wVXC+gszhulcMD8wpxMsqSOpvDZ6xKXSVWkf50Guf/S+28hTAXPDYRTbLQ3EDkOP5Xz/+SY37YiwDquKbJOgZw=="
  "resolved" "https://registry.npmmirror.com/@vue/compiler-ssr/-/compiler-ssr-3.2.47.tgz"
  "version" "3.2.47"
  dependencies:
    "@vue/compiler-dom" "3.2.47"
    "@vue/shared" "3.2.47"

"@vue/compiler-ssr@3.3.4":
  "integrity" "sha512-m0v6oKpup2nMSehwA6Uuu+j+wEwcy7QmwMkVNVfrV9P2qE5KshC6RwOCq8fjGS/Eak/uNb8AaWekfiXxbBB6gQ=="
  "resolved" "https://registry.npmmirror.com/@vue/compiler-ssr/-/compiler-ssr-3.3.4.tgz"
  "version" "3.3.4"
  dependencies:
    "@vue/compiler-dom" "3.3.4"
    "@vue/shared" "3.3.4"

"@vue/devtools-api@^6.5.0":
  "integrity" "sha512-o9KfBeaBmCKl10usN4crU53fYtC1r7jJwdGKjPT24t348rHxgfpZ0xL3Xm/gLUYnc0oTp8LAmrxOeLyu6tbk2Q=="
  "resolved" "https://registry.npmmirror.com/@vue/devtools-api/-/devtools-api-6.5.0.tgz"
  "version" "6.5.0"

"@vue/reactivity-transform@3.2.47":
  "integrity" "sha512-m8lGXw8rdnPVVIdIFhf0LeQ/ixyHkH5plYuS83yop5n7ggVJU+z5v0zecwEnX7fa7HNLBhh2qngJJkxpwEEmYA=="
  "resolved" "https://registry.npmmirror.com/@vue/reactivity-transform/-/reactivity-transform-3.2.47.tgz"
  "version" "3.2.47"
  dependencies:
    "@babel/parser" "^7.16.4"
    "@vue/compiler-core" "3.2.47"
    "@vue/shared" "3.2.47"
    "estree-walker" "^2.0.2"
    "magic-string" "^0.25.7"

"@vue/reactivity-transform@3.3.4":
  "integrity" "sha512-MXgwjako4nu5WFLAjpBnCj/ieqcjE2aJBINUNQzkZQfzIZA4xn+0fV1tIYBJvvva3N3OvKGofRLvQIwEQPpaXw=="
  "resolved" "https://registry.npmmirror.com/@vue/reactivity-transform/-/reactivity-transform-3.3.4.tgz"
  "version" "3.3.4"
  dependencies:
    "@babel/parser" "^7.20.15"
    "@vue/compiler-core" "3.3.4"
    "@vue/shared" "3.3.4"
    "estree-walker" "^2.0.2"
    "magic-string" "^0.30.0"

"@vue/reactivity@^3.2.0":
  "integrity" "sha512-7khqQ/75oyyg+N/e+iwV6lpy1f5wq759NdlS1fpAhFXa8VeAIKGgk2E/C4VF59lx5b+Ezs5fpp/5WsRYXQiKxQ=="
  "resolved" "https://registry.npmmirror.com/@vue/reactivity/-/reactivity-3.2.47.tgz"
  "version" "3.2.47"
  dependencies:
    "@vue/shared" "3.2.47"

"@vue/reactivity@3.3.4":
  "integrity" "sha512-kLTDLwd0B1jG08NBF3R5rqULtv/f8x3rOFByTDz4J53ttIQEDmALqKqXY0J+XQeN0aV2FBxY8nJDf88yvOPAqQ=="
  "resolved" "https://registry.npmmirror.com/@vue/reactivity/-/reactivity-3.3.4.tgz"
  "version" "3.3.4"
  dependencies:
    "@vue/shared" "3.3.4"

"@vue/runtime-core@3.3.4":
  "integrity" "sha512-R+bqxMN6pWO7zGI4OMlmvePOdP2c93GsHFM/siJI7O2nxFRzj55pLwkpCedEY+bTMgp5miZ8CxfIZo3S+gFqvA=="
  "resolved" "https://registry.npmmirror.com/@vue/runtime-core/-/runtime-core-3.3.4.tgz"
  "version" "3.3.4"
  dependencies:
    "@vue/reactivity" "3.3.4"
    "@vue/shared" "3.3.4"

"@vue/runtime-dom@3.3.4":
  "integrity" "sha512-Aj5bTJ3u5sFsUckRghsNjVTtxZQ1OyMWCr5dZRAPijF/0Vy4xEoRCwLyHXcj4D0UFbJ4lbx3gPTgg06K/GnPnQ=="
  "resolved" "https://registry.npmmirror.com/@vue/runtime-dom/-/runtime-dom-3.3.4.tgz"
  "version" "3.3.4"
  dependencies:
    "@vue/runtime-core" "3.3.4"
    "@vue/shared" "3.3.4"
    "csstype" "^3.1.1"

"@vue/server-renderer@3.3.4":
  "integrity" "sha512-Q6jDDzR23ViIb67v+vM1Dqntu+HUexQcsWKhhQa4ARVzxOY2HbC7QRW/ggkDBd5BU+uM1sV6XOAP0b216o34JQ=="
  "resolved" "https://registry.npmmirror.com/@vue/server-renderer/-/server-renderer-3.3.4.tgz"
  "version" "3.3.4"
  dependencies:
    "@vue/compiler-ssr" "3.3.4"
    "@vue/shared" "3.3.4"

"@vue/shared@^3.2.0", "@vue/shared@3.2.47":
  "integrity" "sha512-BHGyyGN3Q97EZx0taMQ+OLNuZcW3d37ZEVmEAyeoA9ERdGvm9Irc/0Fua8SNyOtV1w6BS4q25wbMzJujO9HIfQ=="
  "resolved" "https://registry.npmmirror.com/@vue/shared/-/shared-3.2.47.tgz"
  "version" "3.2.47"

"@vue/shared@3.3.4":
  "integrity" "sha512-7OjdcV8vQ74eiz1TZLzZP4JwqM5fA94K6yntPS5Z25r9HDuGNzaGdgvwKYq6S+MxwF0TFRwe50fIR/MYnakdkQ=="
  "resolved" "https://registry.npmmirror.com/@vue/shared/-/shared-3.3.4.tgz"
  "version" "3.3.4"

"@vueuse/core@^10.1.2":
  "integrity" "sha512-roNn8WuerI56A5uiTyF/TEYX0Y+VKlhZAF94unUfdhbDUI+NfwQMn4FUnUscIRUhv3344qvAghopU4bzLPNFlA=="
  "resolved" "https://registry.npmmirror.com/@vueuse/core/-/core-10.1.2.tgz"
  "version" "10.1.2"
  dependencies:
    "@types/web-bluetooth" "^0.0.17"
    "@vueuse/metadata" "10.1.2"
    "@vueuse/shared" "10.1.2"
    "vue-demi" ">=0.14.0"

"@vueuse/metadata@10.1.2":
  "integrity" "sha512-3mc5BqN9aU2SqBeBuWE7ne4OtXHoHKggNgxZR2K+zIW4YLsy6xoZ4/9vErQs6tvoKDX6QAqm3lvsrv0mczAwIQ=="
  "resolved" "https://registry.npmmirror.com/@vueuse/metadata/-/metadata-10.1.2.tgz"
  "version" "10.1.2"

"@vueuse/shared@10.1.2":
  "integrity" "sha512-1uoUTPBlgyscK9v6ScGeVYDDzlPSFXBlxuK7SfrDGyUTBiznb3mNceqhwvZHjtDRELZEN79V5uWPTF1VDV8svA=="
  "resolved" "https://registry.npmmirror.com/@vueuse/shared/-/shared-10.1.2.tgz"
  "version" "10.1.2"
  dependencies:
    "vue-demi" ">=0.14.0"

"balanced-match@^1.0.0":
  "integrity" "sha512-3oSeUO0TMV67hN1AmbXsK4yaqU7tjiHlbxRDZOpH0KW9+CeX4bRAaX0Anxt0tx2MrpRpWwQaPwIlISEJhYU5Pw=="
  "resolved" "https://registry.npmmirror.com/balanced-match/-/balanced-match-1.0.2.tgz"
  "version" "1.0.2"

"brace-expansion@^2.0.1":
  "integrity" "sha512-XnAIvQ8eM+kC6aULx6wuQiwVsnzsi9d3WxzV3FpWTGA19F621kwdbsAcFKXgKUHZWsy+mY6iL1sHTxWEFCytDA=="
  "resolved" "https://registry.npmmirror.com/brace-expansion/-/brace-expansion-2.0.1.tgz"
  "version" "2.0.1"
  dependencies:
    "balanced-match" "^1.0.0"

"csstype@^3.1.1":
  "integrity" "sha512-I7K1Uu0MBPzaFKg4nI5Q7Vs2t+3gWWW648spaF+Rg7pI9ds18Ugn+lvg4SHczUdKlHI5LWBXyqfS8+DufyBsgQ=="
  "resolved" "https://registry.npmmirror.com/csstype/-/csstype-3.1.2.tgz"
  "version" "3.1.2"

"de-indent@^1.0.2":
  "integrity" "sha512-e/1zu3xH5MQryN2zdVaF0OrdNLUbvWxzMbi+iNA6Bky7l1RoP8a2fIbRocyHclXt/arDrrR6lL3TqFD9pMQTsg=="
  "resolved" "https://registry.npmmirror.com/de-indent/-/de-indent-1.0.2.tgz"
  "version" "1.0.2"

"esbuild@^0.17.5":
  "integrity" "sha512-z1lix43jBs6UKjcZVKOw2xx69ffE2aG0PygLL5qJ9OS/gy0Ewd1gW/PUQIOIQGXBHWNywSc0floSKoMFF8aK2w=="
  "resolved" "https://registry.npmmirror.com/esbuild/-/esbuild-0.17.18.tgz"
  "version" "0.17.18"
  optionalDependencies:
    "@esbuild/android-arm" "0.17.18"
    "@esbuild/android-arm64" "0.17.18"
    "@esbuild/android-x64" "0.17.18"
    "@esbuild/darwin-arm64" "0.17.18"
    "@esbuild/darwin-x64" "0.17.18"
    "@esbuild/freebsd-arm64" "0.17.18"
    "@esbuild/freebsd-x64" "0.17.18"
    "@esbuild/linux-arm" "0.17.18"
    "@esbuild/linux-arm64" "0.17.18"
    "@esbuild/linux-ia32" "0.17.18"
    "@esbuild/linux-loong64" "0.17.18"
    "@esbuild/linux-mips64el" "0.17.18"
    "@esbuild/linux-ppc64" "0.17.18"
    "@esbuild/linux-riscv64" "0.17.18"
    "@esbuild/linux-s390x" "0.17.18"
    "@esbuild/linux-x64" "0.17.18"
    "@esbuild/netbsd-x64" "0.17.18"
    "@esbuild/openbsd-x64" "0.17.18"
    "@esbuild/sunos-x64" "0.17.18"
    "@esbuild/win32-arm64" "0.17.18"
    "@esbuild/win32-ia32" "0.17.18"
    "@esbuild/win32-x64" "0.17.18"

"estree-walker@^2.0.2":
  "integrity" "sha512-Rfkk/Mp/DL7JVje3u18FxFujQlTNR2q6QfMSMB7AvCBx91NGj/ba3kCfza0f6dVDbw7YlRf/nDrn7pQrCCyQ/w=="
  "resolved" "https://registry.npmmirror.com/estree-walker/-/estree-walker-2.0.2.tgz"
  "version" "2.0.2"

"he@^1.2.0":
  "integrity" "sha512-F/1DnUGPopORZi0ni+CvrCgHQ5FyEAHRLSApuYWMmrbSwoN2Mn/7k+Gl38gJnR7yyDZk6WLXwiGod1JOWNDKGw=="
  "resolved" "https://registry.npmmirror.com/he/-/he-1.2.0.tgz"
  "version" "1.2.0"

"lru-cache@^6.0.0":
  "integrity" "sha512-Jo6dJ04CmSjuznwJSS3pUeWmd/H0ffTlkXXgwZi+eq1UCmqQwCh+eLsYOYCwY991i2Fah4h1BEMCx4qThGbsiA=="
  "resolved" "https://registry.npmmirror.com/lru-cache/-/lru-cache-6.0.0.tgz"
  "version" "6.0.0"
  dependencies:
    "yallist" "^4.0.0"

"magic-string@^0.25.7":
  "integrity" "sha512-RmF0AsMzgt25qzqqLc1+MbHmhdx0ojF2Fvs4XnOqz2ZOBXzzkEwc/dJQZCYHAn7v1jbVOjAZfK8msRn4BxO4VQ=="
  "resolved" "https://registry.npmmirror.com/magic-string/-/magic-string-0.25.9.tgz"
  "version" "0.25.9"
  dependencies:
    "sourcemap-codec" "^1.4.8"

"magic-string@^0.30.0":
  "integrity" "sha512-LA+31JYDJLs82r2ScLrlz1GjSgu66ZV518eyWT+S8VhyQn/JL0u9MeBOvQMGYiPk1DBiSN9DDMOcXvigJZaViQ=="
  "resolved" "https://registry.npmmirror.com/magic-string/-/magic-string-0.30.0.tgz"
  "version" "0.30.0"
  dependencies:
    "@jridgewell/sourcemap-codec" "^1.4.13"

"minimatch@^9.0.0":
  "integrity" "sha512-0jJj8AvgKqWN05mrwuqi8QYKx1WmYSUoKSxu5Qhs9prezTz10sxAHGNZe9J9cqIJzta8DWsleh2KaVaLl6Ru2w=="
  "resolved" "https://registry.npmmirror.com/minimatch/-/minimatch-9.0.0.tgz"
  "version" "9.0.0"
  dependencies:
    "brace-expansion" "^2.0.1"

"muggle-string@^0.2.2":
  "integrity" "sha512-YVE1mIJ4VpUMqZObFndk9CJu6DBJR/GB13p3tXuNbwD4XExaI5EOuRl6BHeIDxIqXZVxSfAC+y6U1Z/IxCfKUg=="
  "resolved" "https://registry.npmmirror.com/muggle-string/-/muggle-string-0.2.2.tgz"
  "version" "0.2.2"

"nanoid@^3.3.6":
  "integrity" "sha512-BGcqMMJuToF7i1rt+2PWSNVnWIkGCU78jBG3RxO/bZlnZPK2Cmi2QaffxGO/2RvWi9sL+FAiRiXMgsyxQ1DIDA=="
  "resolved" "https://registry.npmmirror.com/nanoid/-/nanoid-3.3.6.tgz"
  "version" "3.3.6"

"pako@^1.0.10", "pako@^1.0.11", "pako@^1.0.6":
  "integrity" "sha512-4hLB8Py4zZce5s4yd9XzopqwVv/yGNhV1Bl8NTmCq1763HeK2+EwVTv+leGeL13Dnh2wfbqowVPXCIO0z4taYw=="
  "resolved" "https://registry.npmmirror.com/pako/-/pako-1.0.11.tgz"
  "version" "1.0.11"

"pdf-lib@^1.17.1":
  "integrity" "sha512-V/mpyJAoTsN4cnP31vc0wfNA1+p20evqqnap0KLoRUN0Yk/p3wN52DOEsL4oBFcLdb76hlpKPtzJIgo67j/XLw=="
  "resolved" "https://registry.npmmirror.com/pdf-lib/-/pdf-lib-1.17.1.tgz"
  "version" "1.17.1"
  dependencies:
    "@pdf-lib/standard-fonts" "^1.0.0"
    "@pdf-lib/upng" "^1.0.1"
    "pako" "^1.0.11"
    "tslib" "^1.11.1"

"picocolors@^1.0.0":
  "integrity" "sha512-1fygroTLlHu66zi26VoTDv8yRgm0Fccecssto+MhsZ0D/DGW2sm8E8AjW7NU5VVTRt5GxbeZ5qBuJr+HyLYkjQ=="
  "resolved" "https://registry.npmmirror.com/picocolors/-/picocolors-1.0.0.tgz"
  "version" "1.0.0"

"pinia@^2.1.3":
  "integrity" "sha512-XNA/z/ye4P5rU1pieVmh0g/hSuDO98/a5UC8oSP0DNdvt6YtetJNHTrXwpwsQuflkGT34qKxAEcp7lSxXNjf/A=="
  "resolved" "https://registry.npmmirror.com/pinia/-/pinia-2.1.3.tgz"
  "version" "2.1.3"
  dependencies:
    "@vue/devtools-api" "^6.5.0"
    "vue-demi" ">=0.14.5"

"postcss@^8.1.10", "postcss@^8.4.21":
  "integrity" "sha512-bQ3qMcpF6A/YjR55xtoTr0jGOlnPOKAIMdOWiv0EIT6HVPEaJiJB4NLljSbiHoC2RX7DN5Uvjtpbg1NPdwv1oA=="
  "resolved" "https://registry.npmmirror.com/postcss/-/postcss-8.4.23.tgz"
  "version" "8.4.23"
  dependencies:
    "nanoid" "^3.3.6"
    "picocolors" "^1.0.0"
    "source-map-js" "^1.0.2"

"rollup@^3.20.2":
  "integrity" "sha512-ANPhVcyeHvYdQMUyCbczy33nbLzI7RzrBje4uvNiTDJGIMtlKoOStmympwr9OtS1LZxiDmE2wvxHyVhoLtf1KQ=="
  "resolved" "https://registry.npmmirror.com/rollup/-/rollup-3.21.0.tgz"
  "version" "3.21.0"
  optionalDependencies:
    "fsevents" "~2.3.2"

"semver@^7.3.8":
  "integrity" "sha512-+XC0AD/R7Q2mPSRuy2Id0+CGTZ98+8f+KvwirxOKIEyid+XSx6HbC63p+O4IndTHuX5Z+JxQ0TghCkO5Cg/2HA=="
  "resolved" "https://registry.npmmirror.com/semver/-/semver-7.5.0.tgz"
  "version" "7.5.0"
  dependencies:
    "lru-cache" "^6.0.0"

"source-map-js@^1.0.2":
  "integrity" "sha512-R0XvVJ9WusLiqTCEiGCmICCMplcCkIwwR11mOSD9CR5u+IXYdiseeEuXCVAjS54zqwkLcPNnmU4OeJ6tUrWhDw=="
  "resolved" "https://registry.npmmirror.com/source-map-js/-/source-map-js-1.0.2.tgz"
  "version" "1.0.2"

"source-map@^0.6.1":
  "integrity" "sha512-UjgapumWlbMhkBgzT7Ykc5YXUT46F0iKu8SGXq0bcwP5dz/h0Plj6enJqjz1Zbq2l5WaqYnrVbwWOWMyF3F47g=="
  "resolved" "https://registry.npmmirror.com/source-map/-/source-map-0.6.1.tgz"
  "version" "0.6.1"

"sourcemap-codec@^1.4.8":
  "integrity" "sha512-9NykojV5Uih4lgo5So5dtw+f0JgJX30KCNI8gwhz2J9A15wD0Ml6tjHKwf6fTSa6fAdVBdZeNOs9eJ71qCk8vA=="
  "resolved" "https://registry.npmmirror.com/sourcemap-codec/-/sourcemap-codec-1.4.8.tgz"
  "version" "1.4.8"

"tslib@^1.11.1":
  "integrity" "sha512-Xni35NKzjgMrwevysHTCArtLDpPvye8zV/0E4EyYn43P7/7qvQwPh9BGkHewbMulVntbigmcT7rdX3BNo9wRJg=="
  "resolved" "https://registry.npmmirror.com/tslib/-/tslib-1.14.1.tgz"
  "version" "1.14.1"

"typescript@*", "typescript@^5.0.2", "typescript@>=4.4.4":
  "integrity" "sha512-cW9T5W9xY37cc+jfEnaUvX91foxtHkza3Nw3wkoF4sSlKn0MONdkdEndig/qPBWXNkmplh3NzayQzCiHM4/hqw=="
  "resolved" "https://registry.npmmirror.com/typescript/-/typescript-5.0.4.tgz"
  "version" "5.0.4"

"vite@^4.0.0", "vite@^4.3.0":
  "integrity" "sha512-EPmfPLAI79Z/RofuMvkIS0Yr091T2ReUoXQqc5ppBX/sjFRhHKiPPF/R46cTdoci/XgeQpB23diiJxq5w30vdg=="
  "resolved" "https://registry.npmmirror.com/vite/-/vite-4.3.1.tgz"
  "version" "4.3.1"
  dependencies:
    "esbuild" "^0.17.5"
    "postcss" "^8.4.21"
    "rollup" "^3.20.2"
  optionalDependencies:
    "fsevents" "~2.3.2"

"vue-demi@>=0.14.0", "vue-demi@>=0.14.5":
  "integrity" "sha512-o9NUVpl/YlsGJ7t+xuqJKx8EBGf1quRhCiT6D/J0pfwmk9zUwYkC7yrF4SZCe6fETvSM3UNL2edcbYrSyc4QHA=="
  "resolved" "https://registry.npmmirror.com/vue-demi/-/vue-demi-0.14.5.tgz"
  "version" "0.14.5"

"vue-template-compiler@^2.7.14":
  "integrity" "sha512-zyA5Y3ArvVG0NacJDkkzJuPQDF8RFeRlzV2vLeSnhSpieO6LK2OVbdLPi5MPPs09Ii+gMO8nY4S3iKQxBxDmWQ=="
  "resolved" "https://registry.npmmirror.com/vue-template-compiler/-/vue-template-compiler-2.7.14.tgz"
  "version" "2.7.14"
  dependencies:
    "de-indent" "^1.0.2"
    "he" "^1.2.0"

"vue-tsc@^1.2.0":
  "integrity" "sha512-2XsCjF2mLo6gwOVcOpngwJkP8GzYQjNh20A+Pr2FGdsWzr9jjXJ0k08/DfcslfncsuCrTrnWtb4KEL3gcDtlNA=="
  "resolved" "https://registry.npmmirror.com/vue-tsc/-/vue-tsc-1.4.4.tgz"
  "version" "1.4.4"
  dependencies:
    "@volar/vue-language-core" "1.4.4"
    "@volar/vue-typescript" "1.4.4"
    "semver" "^7.3.8"

"vue@^2.6.14 || ^3.3.0", "vue@^3.0.0-0 || ^2.6.0", "vue@^3.2.25", "vue@^3.3.2", "vue@3.3.4":
  "integrity" "sha512-VTyEYn3yvIeY1Py0WaYGZsXnz3y5UnGi62GjVEqvEGPl6nxbOrCXbVOTQWBEJUqAyTUk2uJ5JLVnYJ6ZzGbrSw=="
  "resolved" "https://registry.npmmirror.com/vue/-/vue-3.3.4.tgz"
  "version" "3.3.4"
  dependencies:
    "@vue/compiler-dom" "3.3.4"
    "@vue/compiler-sfc" "3.3.4"
    "@vue/runtime-dom" "3.3.4"
    "@vue/server-renderer" "3.3.4"
    "@vue/shared" "3.3.4"

"yallist@^4.0.0":
  "integrity" "sha512-3wdGidZyq5PB084XLES5TpOSRA3wjXAlIWMhum2kRcv/41Sn2emQ0dycQW4uZXLejwKvg6EsvbdlVL+FYEct7A=="
  "resolved" "https://registry.npmmirror.com/yallist/-/yallist-4.0.0.tgz"
  "version" "4.0.0"
